
Microsoft Visual Studio Solution File, Format Version 12.00
# Visual Studio Version 16
VisualStudioVersion = 16.0.810.11
MinimumVisualStudioVersion = 10.0.40219.1
Project("{FAE04EC0-301F-11D3-BF4B-00C04F79EFBC}") = "CalcualtorTests", "CalcualtorTests\CalcualtorTests.csproj", "{256C2679-2BBA-490E-90F0-0E8109625FE5}"
EndProject
Project("{FAE04EC0-301F-11D3-BF4B-00C04F79EFBC}") = "CalTests", "CalTests\CalTests.csproj", "{92060676-B9F3-4011-8180-B819D063C937}"
EndProject
Global
	GlobalSection(SolutionConfigurationPlatforms) = preSolution
		Debug|Any CPU = Debug|Any CPU
		Release|Any CPU = Release|Any CPU
	EndGlobalSection
	GlobalSection(ProjectConfigurationPlatforms) = postSolution
		{256C2679-2BBA-490E-90F0-0E8109625FE5}.Debug|Any CPU.ActiveCfg = Debug|Any CPU
		{256C2679-2BBA-490E-90F0-0E8109625FE5}.Debug|Any CPU.Build.0 = Debug|Any CPU
		{256C2679-2BBA-490E-90F0-0E8109625FE5}.Release|Any CPU.ActiveCfg = Release|Any CPU
		{256C2679-2BBA-490E-90F0-0E8109625FE5}.Release|Any CPU.Build.0 = Release|Any CPU
		{92060676-B9F3-4011-8180-B819D063C937}.Debug|Any CPU.ActiveCfg = Debug|Any CPU
		{92060676-B9F3-4011-8180-B819D063C937}.Debug|Any CPU.Build.0 = Debug|Any CPU
		{92060676-B9F3-4011-8180-B819D063C937}.Release|Any CPU.ActiveCfg = Release|Any CPU
		{92060676-B9F3-4011-8180-B819D063C937}.Release|Any CPU.Build.0 = Release|Any CPU
	EndGlobalSection
	GlobalSection(SolutionProperties) = preSolution
		HideSolutionNode = FALSE
	EndGlobalSection
	GlobalSection(ExtensibilityGlobals) = postSolution
		SolutionGuid = {8DA03EEA-84DE-42BE-A2D3-2ECDFF5C9C25}
	EndGlobalSection
EndGlobal
